
Microsoft Visual Studio Solution File, Format Version 12.00
# Visual Studio Version 16
VisualStudioVersion = 16.0.32002.261
MinimumVisualStudioVersion = 10.0.40219.1
Project("{FAE04EC0-301F-11D3-BF4B-00C04F79EFBC}") = "Lab_16_Wpf_Home_1", "Lab_16_Wpf_Home_1\Lab_16_Wpf_Home_1.csproj", "{7A97DEE7-67BB-485C-8717-78F6C205C09E}"
EndProject
Global
	GlobalSection(SolutionConfigurationPlatforms) = preSolution
		Debug|Any CPU = Debug|Any CPU
		Release|Any CPU = Release|Any CPU
	EndGlobalSection
	GlobalSection(ProjectConfigurationPlatforms) = postSolution
		{7A97DEE7-67BB-485C-8717-78F6C205C09E}.Debug|Any CPU.ActiveCfg = Debug|Any CPU
		{7A97DEE7-67BB-485C-8717-78F6C205C09E}.Debug|Any CPU.Build.0 = Debug|Any CPU
		{7A97DEE7-67BB-485C-8717-78F6C205C09E}.Release|Any CPU.ActiveCfg = Release|Any CPU
		{7A97DEE7-67BB-485C-8717-78F6C205C09E}.Release|Any CPU.Build.0 = Release|Any CPU
	EndGlobalSection
	GlobalSection(SolutionProperties) = preSolution
		HideSolutionNode = FALSE
	EndGlobalSection
	GlobalSection(ExtensibilityGlobals) = postSolution
		SolutionGuid = {B3448417-9863-4541-BC97-F94E0828B9BD}
	EndGlobalSection
EndGlobal
